
Microsoft Visual Studio Solution File, Format Version 12.00
# Visual Studio Version 16
VisualStudioVersion = 16.0.30204.135
MinimumVisualStudioVersion = 10.0.40219.1
Project("{9A19103F-16F7-4668-BE54-9A1E7A4F7556}") = "bari.mensageiro", "bari.mensageiro\bari.mensageiro.csproj", "{8433B68E-F4B9-4171-93BE-D4F2EF012862}"
EndProject
Project("{FAE04EC0-301F-11D3-BF4B-00C04F79EFBC}") = "bari.receptor", "bari.receptor\bari.receptor.csproj", "{4C31836B-62D2-4F59-B69B-0020D5EE10F0}"
EndProject
Global
	GlobalSection(SolutionConfigurationPlatforms) = preSolution
		Debug|Any CPU = Debug|Any CPU
		Release|Any CPU = Release|Any CPU
	EndGlobalSection
	GlobalSection(ProjectConfigurationPlatforms) = postSolution
		{8433B68E-F4B9-4171-93BE-D4F2EF012862}.Debug|Any CPU.ActiveCfg = Debug|Any CPU
		{8433B68E-F4B9-4171-93BE-D4F2EF012862}.Debug|Any CPU.Build.0 = Debug|Any CPU
		{8433B68E-F4B9-4171-93BE-D4F2EF012862}.Release|Any CPU.ActiveCfg = Release|Any CPU
		{8433B68E-F4B9-4171-93BE-D4F2EF012862}.Release|Any CPU.Build.0 = Release|Any CPU
		{4C31836B-62D2-4F59-B69B-0020D5EE10F0}.Debug|Any CPU.ActiveCfg = Debug|Any CPU
		{4C31836B-62D2-4F59-B69B-0020D5EE10F0}.Debug|Any CPU.Build.0 = Debug|Any CPU
		{4C31836B-62D2-4F59-B69B-0020D5EE10F0}.Release|Any CPU.ActiveCfg = Release|Any CPU
		{4C31836B-62D2-4F59-B69B-0020D5EE10F0}.Release|Any CPU.Build.0 = Release|Any CPU
	EndGlobalSection
	GlobalSection(SolutionProperties) = preSolution
		HideSolutionNode = FALSE
	EndGlobalSection
	GlobalSection(ExtensibilityGlobals) = postSolution
		SolutionGuid = {1E2FF24A-DE52-4B06-9690-202EA1C7E2E0}
	EndGlobalSection
EndGlobal
